
Microsoft Visual Studio Solution File, Format Version 12.00
# Visual Studio 2013
VisualStudioVersion = 12.0.31101.0
MinimumVisualStudioVersion = 10.0.40219.1
Project("{FAE04EC0-301F-11D3-BF4B-00C04F79EFBC}") = "DiceHandler", "DiceHandler\DiceHandler.csproj", "{DB681642-3A66-4D97-A986-2BDE1867EB6C}"
EndProject
Project("{FAE04EC0-301F-11D3-BF4B-00C04F79EFBC}") = "DiceHandler.Tests", "DiceHandler.Tests\DiceHandler.Tests.csproj", "{CEAC8B58-E0C2-4999-BDED-2D0CAFEDBFB5}"
EndProject
Global
	GlobalSection(SolutionConfigurationPlatforms) = preSolution
		Debug|Any CPU = Debug|Any CPU
		Release|Any CPU = Release|Any CPU
	EndGlobalSection
	GlobalSection(ProjectConfigurationPlatforms) = postSolution
		{DB681642-3A66-4D97-A986-2BDE1867EB6C}.Debug|Any CPU.ActiveCfg = Debug|Any CPU
		{DB681642-3A66-4D97-A986-2BDE1867EB6C}.Debug|Any CPU.Build.0 = Debug|Any CPU
		{DB681642-3A66-4D97-A986-2BDE1867EB6C}.Release|Any CPU.ActiveCfg = Release|Any CPU
		{DB681642-3A66-4D97-A986-2BDE1867EB6C}.Release|Any CPU.Build.0 = Release|Any CPU
		{CEAC8B58-E0C2-4999-BDED-2D0CAFEDBFB5}.Debug|Any CPU.ActiveCfg = Debug|Any CPU
		{CEAC8B58-E0C2-4999-BDED-2D0CAFEDBFB5}.Debug|Any CPU.Build.0 = Debug|Any CPU
		{CEAC8B58-E0C2-4999-BDED-2D0CAFEDBFB5}.Release|Any CPU.ActiveCfg = Release|Any CPU
		{CEAC8B58-E0C2-4999-BDED-2D0CAFEDBFB5}.Release|Any CPU.Build.0 = Release|Any CPU
	EndGlobalSection
	GlobalSection(SolutionProperties) = preSolution
		HideSolutionNode = FALSE
	EndGlobalSection
EndGlobal
